
Microsoft Visual Studio Solution File, Format Version 12.00
# Visual Studio Version 16
VisualStudioVersion = 16.0.31402.337
MinimumVisualStudioVersion = 10.0.40219.1
Project("{FAE04EC0-301F-11D3-BF4B-00C04F79EFBC}") = "ClassLibaryPassword", "ConsoleApp1\ClassLibaryPassword.csproj", "{3EB9D178-5CC4-427F-AADE-BC2EB4C4621F}"
EndProject
Project("{FAE04EC0-301F-11D3-BF4B-00C04F79EFBC}") = "ClassLibaryPasswordTests", "ClassLibaryPasswordTests\ClassLibaryPasswordTests.csproj", "{106843E1-1CE2-4B22-82E6-A06DD396CFD7}"
EndProject
Global
	GlobalSection(SolutionConfigurationPlatforms) = preSolution
		Debug|Any CPU = Debug|Any CPU
		Release|Any CPU = Release|Any CPU
	EndGlobalSection
	GlobalSection(ProjectConfigurationPlatforms) = postSolution
		{3EB9D178-5CC4-427F-AADE-BC2EB4C4621F}.Debug|Any CPU.ActiveCfg = Debug|Any CPU
		{3EB9D178-5CC4-427F-AADE-BC2EB4C4621F}.Debug|Any CPU.Build.0 = Debug|Any CPU
		{3EB9D178-5CC4-427F-AADE-BC2EB4C4621F}.Release|Any CPU.ActiveCfg = Release|Any CPU
		{3EB9D178-5CC4-427F-AADE-BC2EB4C4621F}.Release|Any CPU.Build.0 = Release|Any CPU
		{106843E1-1CE2-4B22-82E6-A06DD396CFD7}.Debug|Any CPU.ActiveCfg = Debug|Any CPU
		{106843E1-1CE2-4B22-82E6-A06DD396CFD7}.Debug|Any CPU.Build.0 = Debug|Any CPU
		{106843E1-1CE2-4B22-82E6-A06DD396CFD7}.Release|Any CPU.ActiveCfg = Release|Any CPU
		{106843E1-1CE2-4B22-82E6-A06DD396CFD7}.Release|Any CPU.Build.0 = Release|Any CPU
	EndGlobalSection
	GlobalSection(SolutionProperties) = preSolution
		HideSolutionNode = FALSE
	EndGlobalSection
	GlobalSection(ExtensibilityGlobals) = postSolution
		SolutionGuid = {78841080-5C03-41F4-80C4-2A6647F84C0E}
	EndGlobalSection
EndGlobal
